
Microsoft Visual Studio Solution File, Format Version 12.00
# Visual Studio Version 17
VisualStudioVersion = 17.0.31903.59
MinimumVisualStudioVersion = 10.0.40219.1
Project("{2150E333-8FDC-42A3-9474-1A3956D46DE8}") = "src", "src", "{827E0CD3-B72D-47B6-A68D-7590B98EB39B}"
EndProject
Project("{FAE04EC0-301F-11D3-BF4B-00C04F79EFBC}") = "Catalogo.Core", "src\Catalogo.Core\Catalogo.Core.csproj", "{EFCD6B83-D7F6-4C35-AC0B-27FBB0F4336E}"
EndProject
Project("{FAE04EC0-301F-11D3-BF4B-00C04F79EFBC}") = "Catalogo.Api", "src\Catalogo.Api\Catalogo.Api.csproj", "{16EC3EB4-BCF8-44E5-B7B9-B87635277AC5}"
EndProject
Project("{FAE04EC0-301F-11D3-BF4B-00C04F79EFBC}") = "Catalogo.Tests", "tests\Catalogo.Tests\Catalogo.Tests.csproj", "{D2ED52DB-B21E-46D9-BEFB-A77C4A0A8F22}"
EndProject
Global
	GlobalSection(SolutionConfigurationPlatforms) = preSolution
		Debug|Any CPU = Debug|Any CPU
		Debug|x64 = Debug|x64
		Debug|x86 = Debug|x86
		Release|Any CPU = Release|Any CPU
		Release|x64 = Release|x64
		Release|x86 = Release|x86
	EndGlobalSection
	GlobalSection(ProjectConfigurationPlatforms) = postSolution
		{EFCD6B83-D7F6-4C35-AC0B-27FBB0F4336E}.Debug|Any CPU.ActiveCfg = Debug|Any CPU
		{EFCD6B83-D7F6-4C35-AC0B-27FBB0F4336E}.Debug|Any CPU.Build.0 = Debug|Any CPU
		{EFCD6B83-D7F6-4C35-AC0B-27FBB0F4336E}.Debug|x64.ActiveCfg = Debug|Any CPU
		{EFCD6B83-D7F6-4C35-AC0B-27FBB0F4336E}.Debug|x64.Build.0 = Debug|Any CPU
		{EFCD6B83-D7F6-4C35-AC0B-27FBB0F4336E}.Debug|x86.ActiveCfg = Debug|Any CPU
		{EFCD6B83-D7F6-4C35-AC0B-27FBB0F4336E}.Debug|x86.Build.0 = Debug|Any CPU
		{EFCD6B83-D7F6-4C35-AC0B-27FBB0F4336E}.Release|Any CPU.ActiveCfg = Release|Any CPU
		{EFCD6B83-D7F6-4C35-AC0B-27FBB0F4336E}.Release|Any CPU.Build.0 = Release|Any CPU
		{EFCD6B83-D7F6-4C35-AC0B-27FBB0F4336E}.Release|x64.ActiveCfg = Release|Any CPU
		{EFCD6B83-D7F6-4C35-AC0B-27FBB0F4336E}.Release|x64.Build.0 = Release|Any CPU
		{EFCD6B83-D7F6-4C35-AC0B-27FBB0F4336E}.Release|x86.ActiveCfg = Release|Any CPU
		{EFCD6B83-D7F6-4C35-AC0B-27FBB0F4336E}.Release|x86.Build.0 = Release|Any CPU
		{16EC3EB4-BCF8-44E5-B7B9-B87635277AC5}.Debug|Any CPU.ActiveCfg = Debug|Any CPU
		{16EC3EB4-BCF8-44E5-B7B9-B87635277AC5}.Debug|Any CPU.Build.0 = Debug|Any CPU
		{16EC3EB4-BCF8-44E5-B7B9-B87635277AC5}.Debug|x64.ActiveCfg = Debug|Any CPU
		{16EC3EB4-BCF8-44E5-B7B9-B87635277AC5}.Debug|x64.Build.0 = Debug|Any CPU
		{16EC3EB4-BCF8-44E5-B7B9-B87635277AC5}.Debug|x86.ActiveCfg = Debug|Any CPU
		{16EC3EB4-BCF8-44E5-B7B9-B87635277AC5}.Debug|x86.Build.0 = Debug|Any CPU
		{16EC3EB4-BCF8-44E5-B7B9-B87635277AC5}.Release|Any CPU.ActiveCfg = Release|Any CPU
		{16EC3EB4-BCF8-44E5-B7B9-B87635277AC5}.Release|Any CPU.Build.0 = Release|Any CPU
		{16EC3EB4-BCF8-44E5-B7B9-B87635277AC5}.Release|x64.ActiveCfg = Release|Any CPU
		{16EC3EB4-BCF8-44E5-B7B9-B87635277AC5}.Release|x64.Build.0 = Release|Any CPU
		{16EC3EB4-BCF8-44E5-B7B9-B87635277AC5}.Release|x86.ActiveCfg = Release|Any CPU
		{16EC3EB4-BCF8-44E5-B7B9-B87635277AC5}.Release|x86.Build.0 = Release|Any CPU
		{D2ED52DB-B21E-46D9-BEFB-A77C4A0A8F22}.Debug|Any CPU.ActiveCfg = Debug|Any CPU
		{D2ED52DB-B21E-46D9-BEFB-A77C4A0A8F22}.Debug|Any CPU.Build.0 = Debug|Any CPU
		{D2ED52DB-B21E-46D9-BEFB-A77C4A0A8F22}.Debug|x64.ActiveCfg = Debug|Any CPU
		{D2ED52DB-B21E-46D9-BEFB-A77C4A0A8F22}.Debug|x64.Build.0 = Debug|Any CPU
		{D2ED52DB-B21E-46D9-BEFB-A77C4A0A8F22}.Debug|x86.ActiveCfg = Debug|Any CPU
		{D2ED52DB-B21E-46D9-BEFB-A77C4A0A8F22}.Debug|x86.Build.0 = Debug|Any CPU
		{D2ED52DB-B21E-46D9-BEFB-A77C4A0A8F22}.Release|Any CPU.ActiveCfg = Release|Any CPU
		{D2ED52DB-B21E-46D9-BEFB-A77C4A0A8F22}.Release|Any CPU.Build.0 = Release|Any CPU
		{D2ED52DB-B21E-46D9-BEFB-A77C4A0A8F22}.Release|x64.ActiveCfg = Release|Any CPU
		{D2ED52DB-B21E-46D9-BEFB-A77C4A0A8F22}.Release|x64.Build.0 = Release|Any CPU
		{D2ED52DB-B21E-46D9-BEFB-A77C4A0A8F22}.Release|x86.ActiveCfg = Release|Any CPU
		{D2ED52DB-B21E-46D9-BEFB-A77C4A0A8F22}.Release|x86.Build.0 = Release|Any CPU
	EndGlobalSection
	GlobalSection(SolutionProperties) = preSolution
		HideSolutionNode = FALSE
	EndGlobalSection
	GlobalSection(NestedProjects) = preSolution
		{EFCD6B83-D7F6-4C35-AC0B-27FBB0F4336E} = {827E0CD3-B72D-47B6-A68D-7590B98EB39B}
		{16EC3EB4-BCF8-44E5-B7B9-B87635277AC5} = {827E0CD3-B72D-47B6-A68D-7590B98EB39B}
		{D2ED52DB-B21E-46D9-BEFB-A77C4A0A8F22} = {827E0CD3-B72D-47B6-A68D-7590B98EB39B}
	EndGlobalSection
EndGlobal
